PODS:
  - Masonry (1.1.0)
  - SDWebImage (5.4.1):
    - SDWebImage/Core (= 5.4.1)
  - SDWebImage/Core (5.4.1)

DEPENDENCIES:
  - Masonry (~> 1.1.0)
  - SDWebImage

SPEC REPOS:
  https://github.com/CocoaPods/Specs.git:
    - Masonry
    - SDWebImage

SPEC CHECKSUMS:
  Masonry: 678fab65091a9290e40e2832a55e7ab731aad201
  SDWebImage: 29c340dbdcef342bb13125553f4e19ce056b07a7

PODFILE CHECKSUM: 111cfdecdcafce87dfea92c9d7d2f6d54d335ea2

COCOAPODS: 1.8.4
