// !$*UTF8*$!
{
	archiveVersion = 1;
	classes = {
	};
	objectVersion = 50;
	objects = {

/* Begin PBXBuildFile section */
		B841DC2D23532DD8004240A7 /* AppDelegate.m in Sources */ = {isa = PBXBuildFile; fileRef = B841DC2C23532DD8004240A7 /* AppDelegate.m */; };
		B841DC3023532DD8004240A7 /* SceneDelegate.m in Sources */ = {isa = PBXBuildFile; fileRef = B841DC2F23532DD8004240A7 /* SceneDelegate.m */; };
		B841DC3323532DD8004240A7 /* ViewController.m in Sources */ = {isa = PBXBuildFile; fileRef = B841DC3223532DD8004240A7 /* ViewController.m */; };
		B841DC3623532DD8004240A7 /* Main.storyboard in Resources */ = {isa = PBXBuildFile; fileRef = B841DC3423532DD8004240A7 /* Main.storyboard */; };
		B841DC3823532DD9004240A7 /* Assets.xcassets in Resources */ = {isa = PBXBuildFile; fileRef = B841DC3723532DD9004240A7 /* Assets.xcassets */; };
		B841DC3B23532DD9004240A7 /* LaunchScreen.storyboard in Resources */ = {isa = PBXBuildFile; fileRef = B841DC3923532DD9004240A7 /* LaunchScreen.storyboard */; };
		B841DC3E23532DD9004240A7 /* main.m in Sources */ = {isa = PBXBuildFile; fileRef = B841DC3D23532DD9004240A7 /* main.m */; };
		B841DC4823532DD9004240A7 /* JXProgressBtnTests.m in Sources */ = {isa = PBXBuildFile; fileRef = B841DC4723532DD9004240A7 /* JXProgressBtnTests.m */; };
		B841DC5323532DD9004240A7 /* JXProgressBtnUITests.m in Sources */ = {isa = PBXBuildFile; fileRef = B841DC5223532DD9004240A7 /* JXProgressBtnUITests.m */; };
/* End PBXBuildFile section */

/* Begin PBXContainerItemProxy section */
		B841DC4423532DD9004240A7 /* PBXContainerItemProxy */ = {
			isa = PBXContainerItemProxy;
			containerPortal = B841DC2023532DD8004240A7 /* Project object */;
			proxyType = 1;
			remoteGlobalIDString = B841DC2723532DD8004240A7;
			remoteInfo = JXProgressBtn;
		};
		B841DC4F23532DD9004240A7 /* PBXContainerItemProxy */ = {
			isa = PBXContainerItemProxy;
			containerPortal = B841DC2023532DD8004240A7 /* Project object */;
			proxyType = 1;
			remoteGlobalIDString = B841DC2723532DD8004240A7;
			remoteInfo = JXProgressBtn;
		};
/* End PBXContainerItemProxy section */

/* Begin PBXFileReference section */
		B841DC2823532DD8004240A7 /* JXProgressBtn.app */ = {isa = PBXFileReference; explicitFileType = wrapper.application; includeInIndex = 0; path = JXProgressBtn.app; sourceTree = BUILT_PRODUCTS_DIR; };
		B841DC2B23532DD8004240A7 /* AppDelegate.h */ = {isa = PBXFileReference; lastKnownFileType = sourcecode.c.h; path = AppDelegate.h; sourceTree = "<group>"; };
		B841DC2C23532DD8004240A7 /* AppDelegate.m */ = {isa = PBXFileReference; lastKnownFileType = sourcecode.c.objc; path = AppDelegate.m; sourceTree = "<group>"; };
		B841DC2E23532DD8004240A7 /* SceneDelegate.h */ = {isa = PBXFileReference; lastKnownFileType = sourcecode.c.h; path = SceneDelegate.h; sourceTree = "<group>"; };
		B841DC2F23532DD8004240A7 /* SceneDelegate.m */ = {isa = PBXFileReference; lastKnownFileType = sourcecode.c.objc; path = SceneDelegate.m; sourceTree = "<group>"; };
		B841DC3123532DD8004240A7 /* ViewController.h */ = {isa = PBXFileReference; lastKnownFileType = sourcecode.c.h; path = ViewController.h; sourceTree = "<group>"; };
		B841DC3223532DD8004240A7 /* ViewController.m */ = {isa = PBXFileReference; lastKnownFileType = sourcecode.c.objc; path = ViewController.m; sourceTree = "<group>"; };
		B841DC3523532DD8004240A7 /* Base */ = {isa = PBXFileReference; lastKnownFileType = file.storyboard; name = Base; path = Base.lproj/Main.storyboard; sourceTree = "<group>"; };
		B841DC3723532DD9004240A7 /* Assets.xcassets */ = {isa = PBXFileReference; lastKnownFileType = folder.assetcatalog; path = Assets.xcassets; sourceTree = "<group>"; };
		B841DC3A23532DD9004240A7 /* Base */ = {isa = PBXFileReference; lastKnownFileType = file.storyboard; name = Base; path = Base.lproj/LaunchScreen.storyboard; sourceTree = "<group>"; };
		B841DC3C23532DD9004240A7 /* Info.plist */ = {isa = PBXFileReference; lastKnownFileType = text.plist.xml; path = Info.plist; sourceTree = "<group>"; };
		B841DC3D23532DD9004240A7 /* main.m */ = {isa = PBXFileReference; lastKnownFileType = sourcecode.c.objc; path = main.m; sourceTree = "<group>"; };
		B841DC4323532DD9004240A7 /* JXProgressBtnTests.xctest */ = {isa = PBXFileReference; explicitFileType = wrapper.cfbundle; includeInIndex = 0; path = JXProgressBtnTests.xctest; sourceTree = BUILT_PRODUCTS_DIR; };
		B841DC4723532DD9004240A7 /* JXProgressBtnTests.m */ = {isa = PBXFileReference; lastKnownFileType = sourcecode.c.objc; path = JXProgressBtnTests.m; sourceTree = "<group>"; };
		B841DC4923532DD9004240A7 /* Info.plist */ = {isa = PBXFileReference; lastKnownFileType = text.plist.xml; path = Info.plist; sourceTree = "<group>"; };
		B841DC4E23532DD9004240A7 /* JXProgressBtnUITests.xctest */ = {isa = PBXFileReference; explicitFileType = wrapper.cfbundle; includeInIndex = 0; path = JXProgressBtnUITests.xctest; sourceTree = BUILT_PRODUCTS_DIR; };
		B841DC5223532DD9004240A7 /* JXProgressBtnUITests.m */ = {isa = PBXFileReference; lastKnownFileType = sourcecode.c.objc; path = JXProgressBtnUITests.m; sourceTree = "<group>"; };
		B841DC5423532DD9004240A7 /* Info.plist */ = {isa = PBXFileReference; lastKnownFileType = text.plist.xml; path = Info.plist; sourceTree = "<group>"; };
/* End PBXFileReference section */

/* Begin PBXFrameworksBuildPhase section */
		B841DC2523532DD8004240A7 /* Frameworks */ = {
			isa = PBXFrameworksBuildPhase;
			buildActionMask = 2147483647;
			files = (
			);
			runOnlyForDeploymentPostprocessing = 0;
		};
		B841DC4023532DD9004240A7 /* Frameworks */ = {
			isa = PBXFrameworksBuildPhase;
			buildActionMask = 2147483647;
			files = (
			);
			runOnlyForDeploymentPostprocessing = 0;
		};
		B841DC4B23532DD9004240A7 /* Frameworks */ = {
			isa = PBXFrameworksBuildPhase;
			buildActionMask = 2147483647;
			files = (
			);
			runOnlyForDeploymentPostprocessing = 0;
		};
/* End PBXFrameworksBuildPhase section */

/* Begin PBXGroup section */
		B841DC1F23532DD8004240A7 = {
			isa = PBXGroup;
			children = (
				B841DC2A23532DD8004240A7 /* JXProgressBtn */,
				B841DC4623532DD9004240A7 /* JXProgressBtnTests */,
				B841DC5123532DD9004240A7 /* JXProgressBtnUITests */,
				B841DC2923532DD8004240A7 /* Products */,
			);
			sourceTree = "<group>";
		};
		B841DC2923532DD8004240A7 /* Products */ = {
			isa = PBXGroup;
			children = (
				B841DC2823532DD8004240A7 /* JXProgressBtn.app */,
				B841DC4323532DD9004240A7 /* JXProgressBtnTests.xctest */,
				B841DC4E23532DD9004240A7 /* JXProgressBtnUITests.xctest */,
			);
			name = Products;
			sourceTree = "<group>";
		};
		B841DC2A23532DD8004240A7 /* JXProgressBtn */ = {
			isa = PBXGroup;
			children = (
				B841DC2B23532DD8004240A7 /* AppDelegate.h */,
				B841DC2C23532DD8004240A7 /* AppDelegate.m */,
				B841DC2E23532DD8004240A7 /* SceneDelegate.h */,
				B841DC2F23532DD8004240A7 /* SceneDelegate.m */,
				B841DC3123532DD8004240A7 /* ViewController.h */,
				B841DC3223532DD8004240A7 /* ViewController.m */,
				B841DC3423532DD8004240A7 /* Main.storyboard */,
				B841DC3723532DD9004240A7 /* Assets.xcassets */,
				B841DC3923532DD9004240A7 /* LaunchScreen.storyboard */,
				B841DC3C23532DD9004240A7 /* Info.plist */,
				B841DC3D23532DD9004240A7 /* main.m */,
			);
			path = JXProgressBtn;
			sourceTree = "<group>";
		};
		B841DC4623532DD9004240A7 /* JXProgressBtnTests */ = {
			isa = PBXGroup;
			children = (
				B841DC4723532DD9004240A7 /* JXProgressBtnTests.m */,
				B841DC4923532DD9004240A7 /* Info.plist */,
			);
			path = JXProgressBtnTests;
			sourceTree = "<group>";
		};
		B841DC5123532DD9004240A7 /* JXProgressBtnUITests */ = {
			isa = PBXGroup;
			children = (
				B841DC5223532DD9004240A7 /* JXProgressBtnUITests.m */,
				B841DC5423532DD9004240A7 /* Info.plist */,
			);
			path = JXProgressBtnUITests;
			sourceTree = "<group>";
		};
/* End PBXGroup section */

/* Begin PBXNativeTarget section */
		B841DC2723532DD8004240A7 /* JXProgressBtn */ = {
			isa = PBXNativeTarget;
			buildConfigurationList = B841DC5723532DD9004240A7 /* Build configuration list for PBXNativeTarget "JXProgressBtn" */;
			buildPhases = (
				B841DC2423532DD8004240A7 /* Sources */,
				B841DC2523532DD8004240A7 /* Frameworks */,
				B841DC2623532DD8004240A7 /* Resources */,
			);
			buildRules = (
			);
			dependencies = (
			);
			name = JXProgressBtn;
			productName = JXProgressBtn;
			productReference = B841DC2823532DD8004240A7 /* JXProgressBtn.app */;
			productType = "com.apple.product-type.application";
		};
		B841DC4223532DD9004240A7 /* JXProgressBtnTests */ = {
			isa = PBXNativeTarget;
			buildConfigurationList = B841DC5A23532DD9004240A7 /* Build configuration list for PBXNativeTarget "JXProgressBtnTests" */;
			buildPhases = (
				B841DC3F23532DD9004240A7 /* Sources */,
				B841DC4023532DD9004240A7 /* Frameworks */,
				B841DC4123532DD9004240A7 /* Resources */,
			);
			buildRules = (
			);
			dependencies = (
				B841DC4523532DD9004240A7 /* PBXTargetDependency */,
			);
			name = JXProgressBtnTests;
			productName = JXProgressBtnTests;
			productReference = B841DC4323532DD9004240A7 /* JXProgressBtnTests.xctest */;
			productType = "com.apple.product-type.bundle.unit-test";
		};
		B841DC4D23532DD9004240A7 /* JXProgressBtnUITests */ = {
			isa = PBXNativeTarget;
			buildConfigurationList = B841DC5D23532DD9004240A7 /* Build configuration list for PBXNativeTarget "JXProgressBtnUITests" */;
			buildPhases = (
				B841DC4A23532DD9004240A7 /* Sources */,
				B841DC4B23532DD9004240A7 /* Frameworks */,
				B841DC4C23532DD9004240A7 /* Resources */,
			);
			buildRules = (
			);
			dependencies = (
				B841DC5023532DD9004240A7 /* PBXTargetDependency */,
			);
			name = JXProgressBtnUITests;
			productName = JXProgressBtnUITests;
			productReference = B841DC4E23532DD9004240A7 /* JXProgressBtnUITests.xctest */;
			productType = "com.apple.product-type.bundle.ui-testing";
		};
/* End PBXNativeTarget section */

/* Begin PBXProject section */
		B841DC2023532DD8004240A7 /* Project object */ = {
			isa = PBXProject;
			attributes = {
				LastUpgradeCheck = 1110;
				ORGANIZATIONNAME = JosephXuan;
				TargetAttributes = {
					B841DC2723532DD8004240A7 = {
						CreatedOnToolsVersion = 11.1;
					};
					B841DC4223532DD9004240A7 = {
						CreatedOnToolsVersion = 11.1;
						TestTargetID = B841DC2723532DD8004240A7;
					};
					B841DC4D23532DD9004240A7 = {
						CreatedOnToolsVersion = 11.1;
						TestTargetID = B841DC2723532DD8004240A7;
					};
				};
			};
			buildConfigurationList = B841DC2323532DD8004240A7 /* Build configuration list for PBXProject "JXProgressBtn" */;
			compatibilityVersion = "Xcode 9.3";
			developmentRegion = en;
			hasScannedForEncodings = 0;
			knownRegions = (
				en,
				Base,
			);
			mainGroup = B841DC1F23532DD8004240A7;
			productRefGroup = B841DC2923532DD8004240A7 /* Products */;
			projectDirPath = "";
			projectRoot = "";
			targets = (
				B841DC2723532DD8004240A7 /* JXProgressBtn */,
				B841DC4223532DD9004240A7 /* JXProgressBtnTests */,
				B841DC4D23532DD9004240A7 /* JXProgressBtnUITests */,
			);
		};
/* End PBXProject section */

/* Begin PBXResourcesBuildPhase section */
		B841DC2623532DD8004240A7 /* Resources */ = {
			isa = PBXResourcesBuildPhase;
			buildActionMask = 2147483647;
			files = (
				B841DC3B23532DD9004240A7 /* LaunchScreen.storyboard in Resources */,
				B841DC3823532DD9004240A7 /* Assets.xcassets in Resources */,
				B841DC3623532DD8004240A7 /* Main.storyboard in Resources */,
			);
			runOnlyForDeploymentPostprocessing = 0;
		};
		B841DC4123532DD9004240A7 /* Resources */ = {
			isa = PBXResourcesBuildPhase;
			buildActionMask = 2147483647;
			files = (
			);
			runOnlyForDeploymentPostprocessing = 0;
		};
		B841DC4C23532DD9004240A7 /* Resources */ = {
			isa = PBXResourcesBuildPhase;
			buildActionMask = 2147483647;
			files = (
			);
			runOnlyForDeploymentPostprocessing = 0;
		};
/* End PBXResourcesBuildPhase section */

/* Begin PBXSourcesBuildPhase section */
		B841DC2423532DD8004240A7 /* Sources */ = {
			isa = PBXSourcesBuildPhase;
			buildActionMask = 2147483647;
			files = (
				B841DC3323532DD8004240A7 /* ViewController.m in Sources */,
				B841DC2D23532DD8004240A7 /* AppDelegate.m in Sources */,
				B841DC3E23532DD9004240A7 /* main.m in Sources */,
				B841DC3023532DD8004240A7 /* SceneDelegate.m in Sources */,
			);
			runOnlyForDeploymentPostprocessing = 0;
		};
		B841DC3F23532DD9004240A7 /* Sources */ = {
			isa = PBXSourcesBuildPhase;
			buildActionMask = 2147483647;
			files = (
				B841DC4823532DD9004240A7 /* JXProgressBtnTests.m in Sources */,
			);
			runOnlyForDeploymentPostprocessing = 0;
		};
		B841DC4A23532DD9004240A7 /* Sources */ = {
			isa = PBXSourcesBuildPhase;
			buildActionMask = 2147483647;
			files = (
				B841DC5323532DD9004240A7 /* JXProgressBtnUITests.m in Sources */,
			);
			runOnlyForDeploymentPostprocessing = 0;
		};
/* End PBXSourcesBuildPhase section */

/* Begin PBXTargetDependency section */
		B841DC4523532DD9004240A7 /* PBXTargetDependency */ = {
			isa = PBXTargetDependency;
			target = B841DC2723532DD8004240A7 /* JXProgressBtn */;
			targetProxy = B841DC4423532DD9004240A7 /* PBXContainerItemProxy */;
		};
		B841DC5023532DD9004240A7 /* PBXTargetDependency */ = {
			isa = PBXTargetDependency;
			target = B841DC2723532DD8004240A7 /* JXProgressBtn */;
			targetProxy = B841DC4F23532DD9004240A7 /* PBXContainerItemProxy */;
		};
/* End PBXTargetDependency section */

/* Begin PBXVariantGroup section */
		B841DC3423532DD8004240A7 /* Main.storyboard */ = {
			isa = PBXVariantGroup;
			children = (
				B841DC3523532DD8004240A7 /* Base */,
			);
			name = Main.storyboard;
			sourceTree = "<group>";
		};
		B841DC3923532DD9004240A7 /* LaunchScreen.storyboard */ = {
			isa = PBXVariantGroup;
			children = (
				B841DC3A23532DD9004240A7 /* Base */,
			);
			name = LaunchScreen.storyboard;
			sourceTree = "<group>";
		};
/* End PBXVariantGroup section */

/* Begin XCBuildConfiguration section */
		B841DC5523532DD9004240A7 /* Debug */ = {
			isa = XCBuildConfiguration;
			buildSettings = {
				ALWAYS_SEARCH_USER_PATHS = NO;
				CLANG_ANALYZER_NONNULL = YES;
				CLANG_ANALYZER_NUMBER_OBJECT_CONVERSION = YES_AGGRESSIVE;
				CLANG_CXX_LANGUAGE_STANDARD = "gnu++14";
				CLANG_CXX_LIBRARY = "libc++";
				CLANG_ENABLE_MODULES = YES;
				CLANG_ENABLE_OBJC_ARC = YES;
				CLANG_ENABLE_OBJC_WEAK = YES;
				CLANG_WARN_BLOCK_CAPTURE_AUTORELEASING = YES;
				CLANG_WARN_BOOL_CONVERSION = YES;
				CLANG_WARN_COMMA = YES;
				CLANG_WARN_CONSTANT_CONVERSION = YES;
				CLANG_WARN_DEPRECATED_OBJC_IMPLEMENTATIONS = YES;
				CLANG_WARN_DIRECT_OBJC_ISA_USAGE = YES_ERROR;
				CLANG_WARN_DOCUMENTATION_COMMENTS = YES;
				CLANG_WARN_EMPTY_BODY = YES;
				CLANG_WARN_ENUM_CONVERSION = YES;
				CLANG_WARN_INFINITE_RECURSION = YES;
				CLANG_WARN_INT_CONVERSION = YES;
				CLANG_WARN_NON_LITERAL_NULL_CONVERSION = YES;
				CLANG_WARN_OBJC_IMPLICIT_RETAIN_SELF = YES;
				CLANG_WARN_OBJC_LITERAL_CONVERSION = YES;
				CLANG_WARN_OBJC_ROOT_CLASS = YES_ERROR;
				CLANG_WARN_RANGE_LOOP_ANALYSIS = YES;
				CLANG_WARN_STRICT_PROTOTYPES = YES;
				CLANG_WARN_SUSPICIOUS_MOVE = YES;
				CLANG_WARN_UNGUARDED_AVAILABILITY = YES_AGGRESSIVE;
				CLANG_WARN_UNREACHABLE_CODE = YES;
				CLANG_WARN__DUPLICATE_METHOD_MATCH = YES;
				COPY_PHASE_STRIP = NO;
				DEBUG_INFORMATION_FORMAT = dwarf;
				ENABLE_STRICT_OBJC_MSGSEND = YES;
				ENABLE_TESTABILITY = YES;
				GCC_C_LANGUAGE_STANDARD = gnu11;
				GCC_DYNAMIC_NO_PIC = NO;
				GCC_NO_COMMON_BLOCKS = YES;
				GCC_OPTIMIZATION_LEVEL = 0;
				GCC_PREPROCESSOR_DEFINITIONS = (
					"DEBUG=1",
					"$(inherited)",
				);
				GCC_WARN_64_TO_32_BIT_CONVERSION = YES;
				GCC_WARN_ABOUT_RETURN_TYPE = YES_ERROR;
				GCC_WARN_UNDECLARED_SELECTOR = YES;
				GCC_WARN_UNINITIALIZED_AUTOS = YES_AGGRESSIVE;
				GCC_WARN_UNUSED_FUNCTION = YES;
				GCC_WARN_UNUSED_VARIABLE = YES;
				IPHONEOS_DEPLOYMENT_TARGET = 13.1;
				MTL_ENABLE_DEBUG_INFO = INCLUDE_SOURCE;
				MTL_FAST_MATH = YES;
				ONLY_ACTIVE_ARCH = YES;
				SDKROOT = iphoneos;
			};
			name = Debug;
		};
		B841DC5623532DD9004240A7 /* Release */ = {
			isa = XCBuildConfiguration;
			buildSettings = {
				ALWAYS_SEARCH_USER_PATHS = NO;
				CLANG_ANALYZER_NONNULL = YES;
				CLANG_ANALYZER_NUMBER_OBJECT_CONVERSION = YES_AGGRESSIVE;
				CLANG_CXX_LANGUAGE_STANDARD = "gnu++14";
				CLANG_CXX_LIBRARY = "libc++";
				CLANG_ENABLE_MODULES = YES;
				CLANG_ENABLE_OBJC_ARC = YES;
				CLANG_ENABLE_OBJC_WEAK = YES;
				CLANG_WARN_BLOCK_CAPTURE_AUTORELEASING = YES;
				CLANG_WARN_BOOL_CONVERSION = YES;
				CLANG_WARN_COMMA = YES;
				CLANG_WARN_CONSTANT_CONVERSION = YES;
				CLANG_WARN_DEPRECATED_OBJC_IMPLEMENTATIONS = YES;
				CLANG_WARN_DIRECT_OBJC_ISA_USAGE = YES_ERROR;
				CLANG_WARN_DOCUMENTATION_COMMENTS = YES;
				CLANG_WARN_EMPTY_BODY = YES;
				CLANG_WARN_ENUM_CONVERSION = YES;
				CLANG_WARN_INFINITE_RECURSION = YES;
				CLANG_WARN_INT_CONVERSION = YES;
				CLANG_WARN_NON_LITERAL_NULL_CONVERSION = YES;
				CLANG_WARN_OBJC_IMPLICIT_RETAIN_SELF = YES;
				CLANG_WARN_OBJC_LITERAL_CONVERSION = YES;
				CLANG_WARN_OBJC_ROOT_CLASS = YES_ERROR;
				CLANG_WARN_RANGE_LOOP_ANALYSIS = YES;
				CLANG_WARN_STRICT_PROTOTYPES = YES;
				CLANG_WARN_SUSPICIOUS_MOVE = YES;
				CLANG_WARN_UNGUARDED_AVAILABILITY = YES_AGGRESSIVE;
				CLANG_WARN_UNREACHABLE_CODE = YES;
				CLANG_WARN__DUPLICATE_METHOD_MATCH = YES;
				COPY_PHASE_STRIP = NO;
				DEBUG_INFORMATION_FORMAT = "dwarf-with-dsym";
				ENABLE_NS_ASSERTIONS = NO;
				ENABLE_STRICT_OBJC_MSGSEND = YES;
				GCC_C_LANGUAGE_STANDARD = gnu11;
				GCC_NO_COMMON_BLOCKS = YES;
				GCC_WARN_64_TO_32_BIT_CONVERSION = YES;
				GCC_WARN_ABOUT_RETURN_TYPE = YES_ERROR;
				GCC_WARN_UNDECLARED_SELECTOR = YES;
				GCC_WARN_UNINITIALIZED_AUTOS = YES_AGGRESSIVE;
				GCC_WARN_UNUSED_FUNCTION = YES;
				GCC_WARN_UNUSED_VARIABLE = YES;
				IPHONEOS_DEPLOYMENT_TARGET = 13.1;
				MTL_ENABLE_DEBUG_INFO = NO;
				MTL_FAST_MATH = YES;
				SDKROOT = iphoneos;
				VALIDATE_PRODUCT = YES;
			};
			name = Release;
		};
		B841DC5823532DD9004240A7 /* Debug */ = {
			isa = XCBuildConfiguration;
			buildSettings = {
				ASSETCATALOG_COMPILER_APPICON_NAME = AppIcon;
				CODE_SIGN_STYLE = Automatic;
				INFOPLIST_FILE = JXProgressBtn/Info.plist;
				LD_RUNPATH_SEARCH_PATHS = (
					"$(inherited)",
					"@executable_path/Frameworks",
				);
				PRODUCT_BUNDLE_IDENTIFIER = com.JosephXuan.JXProgressBtn;
				PRODUCT_NAME = "$(TARGET_NAME)";
				TARGETED_DEVICE_FAMILY = "1,2";
			};
			name = Debug;
		};
		B841DC5923532DD9004240A7 /* Release */ = {
			isa = XCBuildConfiguration;
			buildSettings = {
				ASSETCATALOG_COMPILER_APPICON_NAME = AppIcon;
				CODE_SIGN_STYLE = Automatic;
				INFOPLIST_FILE = JXProgressBtn/Info.plist;
				LD_RUNPATH_SEARCH_PATHS = (
					"$(inherited)",
					"@executable_path/Frameworks",
				);
				PRODUCT_BUNDLE_IDENTIFIER = com.JosephXuan.JXProgressBtn;
				PRODUCT_NAME = "$(TARGET_NAME)";
				TARGETED_DEVICE_FAMILY = "1,2";
			};
			name = Release;
		};
		B841DC5B23532DD9004240A7 /* Debug */ = {
			isa = XCBuildConfiguration;
			buildSettings = {
				BUNDLE_LOADER = "$(TEST_HOST)";
				CODE_SIGN_STYLE = Automatic;
				INFOPLIST_FILE = JXProgressBtnTests/Info.plist;
				IPHONEOS_DEPLOYMENT_TARGET = 13.1;
				LD_RUNPATH_SEARCH_PATHS = (
					"$(inherited)",
					"@executable_path/Frameworks",
					"@loader_path/Frameworks",
				);
				PRODUCT_BUNDLE_IDENTIFIER = com.JosephXuan.JXProgressBtnTests;
				PRODUCT_NAME = "$(TARGET_NAME)";
				TARGETED_DEVICE_FAMILY = "1,2";
				TEST_HOST = "$(BUILT_PRODUCTS_DIR)/JXProgressBtn.app/JXProgressBtn";
			};
			name = Debug;
		};
		B841DC5C23532DD9004240A7 /* Release */ = {
			isa = XCBuildConfiguration;
			buildSettings = {
				BUNDLE_LOADER = "$(TEST_HOST)";
				CODE_SIGN_STYLE = Automatic;
				INFOPLIST_FILE = JXProgressBtnTests/Info.plist;
				IPHONEOS_DEPLOYMENT_TARGET = 13.1;
				LD_RUNPATH_SEARCH_PATHS = (
					"$(inherited)",
					"@executable_path/Frameworks",
					"@loader_path/Frameworks",
				);
				PRODUCT_BUNDLE_IDENTIFIER = com.JosephXuan.JXProgressBtnTests;
				PRODUCT_NAME = "$(TARGET_NAME)";
				TARGETED_DEVICE_FAMILY = "1,2";
				TEST_HOST = "$(BUILT_PRODUCTS_DIR)/JXProgressBtn.app/JXProgressBtn";
			};
			name = Release;
		};
		B841DC5E23532DD9004240A7 /* Debug */ = {
			isa = XCBuildConfiguration;
			buildSettings = {
				CODE_SIGN_STYLE = Automatic;
				INFOPLIST_FILE = JXProgressBtnUITests/Info.plist;
				LD_RUNPATH_SEARCH_PATHS = (
					"$(inherited)",
					"@executable_path/Frameworks",
					"@loader_path/Frameworks",
				);
				PRODUCT_BUNDLE_IDENTIFIER = com.JosephXuan.JXProgressBtnUITests;
				PRODUCT_NAME = "$(TARGET_NAME)";
				TARGETED_DEVICE_FAMILY = "1,2";
				TEST_TARGET_NAME = JXProgressBtn;
			};
			name = Debug;
		};
		B841DC5F23532DD9004240A7 /* Release */ = {
			isa = XCBuildConfiguration;
			buildSettings = {
				CODE_SIGN_STYLE = Automatic;
				INFOPLIST_FILE = JXProgressBtnUITests/Info.plist;
				LD_RUNPATH_SEARCH_PATHS = (
					"$(inherited)",
					"@executable_path/Frameworks",
					"@loader_path/Frameworks",
				);
				PRODUCT_BUNDLE_IDENTIFIER = com.JosephXuan.JXProgressBtnUITests;
				PRODUCT_NAME = "$(TARGET_NAME)";
				TARGETED_DEVICE_FAMILY = "1,2";
				TEST_TARGET_NAME = JXProgressBtn;
			};
			name = Release;
		};
/* End XCBuildConfiguration section */

/* Begin XCConfigurationList section */
		B841DC2323532DD8004240A7 /* Build configuration list for PBXProject "JXProgressBtn" */ = {
			isa = XCConfigurationList;
			buildConfigurations = (
				B841DC5523532DD9004240A7 /* Debug */,
				B841DC5623532DD9004240A7 /* Release */,
			);
			defaultConfigurationIsVisible = 0;
			defaultConfigurationName = Release;
		};
		B841DC5723532DD9004240A7 /* Build configuration list for PBXNativeTarget "JXProgressBtn" */ = {
			isa = XCConfigurationList;
			buildConfigurations = (
				B841DC5823532DD9004240A7 /* Debug */,
				B841DC5923532DD9004240A7 /* Release */,
			);
			defaultConfigurationIsVisible = 0;
			defaultConfigurationName = Release;
		};
		B841DC5A23532DD9004240A7 /* Build configuration list for PBXNativeTarget "JXProgressBtnTests" */ = {
			isa = XCConfigurationList;
			buildConfigurations = (
				B841DC5B23532DD9004240A7 /* Debug */,
				B841DC5C23532DD9004240A7 /* Release */,
			);
			defaultConfigurationIsVisible = 0;
			defaultConfigurationName = Release;
		};
		B841DC5D23532DD9004240A7 /* Build configuration list for PBXNativeTarget "JXProgressBtnUITests" */ = {
			isa = XCConfigurationList;
			buildConfigurations = (
				B841DC5E23532DD9004240A7 /* Debug */,
				B841DC5F23532DD9004240A7 /* Release */,
			);
			defaultConfigurationIsVisible = 0;
			defaultConfigurationName = Release;
		};
/* End XCConfigurationList section */
	};
	rootObject = B841DC2023532DD8004240A7 /* Project object */;
}
